
Microsoft Visual Studio Solution File, Format Version 12.00
# Visual Studio 15
VisualStudioVersion = 15.0.27428.2005
MinimumVisualStudioVersion = 10.0.40219.1
Project("{159641D6-6404-4A2A-AE62-294DE0FE8301}") = "HD", "HD\HD.dtproj", "{06013FF0-BE14-43B7-864A-F3F3E953939C}"
EndProject
Global
	GlobalSection(SolutionConfigurationPlatforms) = preSolution
		Development|Default = Development|Default
	EndGlobalSection
	GlobalSection(ProjectConfigurationPlatforms) = postSolution
		{06013FF0-BE14-43B7-864A-F3F3E953939C}.Development|Default.ActiveCfg = Development
		{06013FF0-BE14-43B7-864A-F3F3E953939C}.Development|Default.Build.0 = Development
	EndGlobalSection
	GlobalSection(SolutionProperties) = preSolution
		HideSolutionNode = FALSE
	EndGlobalSection
	GlobalSection(ExtensibilityGlobals) = postSolution
		SolutionGuid = {CBE82E80-BC05-41D8-8450-1DE61DFA1D08}
	EndGlobalSection
EndGlobal
